// !$*UTF8*$!
{
	archiveVersion = 1;
	classes = {
	};
	objectVersion = 51;
	objects = {

/* Begin PBXBuildFile section */
		41AF16622E17AADCA3E021DA /* Pods_dolphin.framework in Frameworks */ = {isa = PBXBuildFile; fileRef = 35572193B83FC2CEE15D3254 /* Pods_dolphin.framework */; };
		E3194163268DEEDF00C039BC /* DPlayerSizeService.swift in Sources */ = {isa = PBXBuildFile; fileRef = E3194162268DEEDF00C039BC /* DPlayerSizeService.swift */; };
		E3194165268DF79800C039BC /* DTrack.swift in Sources */ = {isa = PBXBuildFile; fileRef = E3194164268DF79800C039BC /* DTrack.swift */; };
		E3194167268E054F00C039BC /* DTimeSplitterService.swift in Sources */ = {isa = PBXBuildFile; fileRef = E3194166268E054F00C039BC /* DTimeSplitterService.swift */; };
		E3194169268E11DC00C039BC /* DPlayListCell.swift in Sources */ = {isa = PBXBuildFile; fileRef = E3194168268E11DC00C039BC /* DPlayListCell.swift */; };
		E319416B268E156900C039BC /* DPlayList.swift in Sources */ = {isa = PBXBuildFile; fileRef = E319416A268E156900C039BC /* DPlayList.swift */; };
		E319416D268E1A5900C039BC /* DPlayListService.swift in Sources */ = {isa = PBXBuildFile; fileRef = E319416C268E1A5900C039BC /* DPlayListService.swift */; };
		E39CEA7D2693126E009F53DF /* DPlayListTrack.swift in Sources */ = {isa = PBXBuildFile; fileRef = E39CEA7C2693126E009F53DF /* DPlayListTrack.swift */; };
		E3C4FB1B268F0B6B00ED88FE /* DFilesBrowserVC.swift in Sources */ = {isa = PBXBuildFile; fileRef = E3C4FB1A268F0B6B00ED88FE /* DFilesBrowserVC.swift */; };
		E3C4FB20268F0DD400ED88FE /* DFilesService.swift in Sources */ = {isa = PBXBuildFile; fileRef = E3C4FB1F268F0DD400ED88FE /* DFilesService.swift */; };
		E3C4FB24268F0E6700ED88FE /* DFilesBrowserAssembly.swift in Sources */ = {isa = PBXBuildFile; fileRef = E3C4FB23268F0E6700ED88FE /* DFilesBrowserAssembly.swift */; };
		E3C4FB26268F1AEF00ED88FE /* DPlayListRouter.swift in Sources */ = {isa = PBXBuildFile; fileRef = E3C4FB25268F1AEF00ED88FE /* DPlayListRouter.swift */; };
		E3CFC40F268C933600748739 /* DPlayerAssembly.swift in Sources */ = {isa = PBXBuildFile; fileRef = E3CFC40E268C933600748739 /* DPlayerAssembly.swift */; };
		E3CFC411268C93AE00748739 /* DRootVC.swift in Sources */ = {isa = PBXBuildFile; fileRef = E3CFC410268C93AE00748739 /* DRootVC.swift */; };
		E3CFC413268C93BC00748739 /* DRootAssembly.swift in Sources */ = {isa = PBXBuildFile; fileRef = E3CFC412268C93BC00748739 /* DRootAssembly.swift */; };
		E3CFC417268C949300748739 /* DPlayListVC.swift in Sources */ = {isa = PBXBuildFile; fileRef = E3CFC416268C949300748739 /* DPlayListVC.swift */; };
		E3CFC419268C94AA00748739 /* DPlayListAssembly.swift in Sources */ = {isa = PBXBuildFile; fileRef = E3CFC418268C94AA00748739 /* DPlayListAssembly.swift */; };
		E3F2AE7B268C91BF0053945C /* SceneDelegate.swift in Sources */ = {isa = PBXBuildFile; fileRef = E3F2AE73268C91BF0053945C /* SceneDelegate.swift */; };
		E3F2AE7C268C91BF0053945C /* DPlayerVC.swift in Sources */ = {isa = PBXBuildFile; fileRef = E3F2AE74268C91BF0053945C /* DPlayerVC.swift */; };
		E3F2AE7D268C91BF0053945C /* Assets.xcassets in Resources */ = {isa = PBXBuildFile; fileRef = E3F2AE75268C91BF0053945C /* Assets.xcassets */; };
		E3F2AE7E268C91BF0053945C /* AppDelegate.swift in Sources */ = {isa = PBXBuildFile; fileRef = E3F2AE76268C91BF0053945C /* AppDelegate.swift */; };
		E3F2AE83268C91E90053945C /* LaunchScreen.storyboard in Resources */ = {isa = PBXBuildFile; fileRef = E3F2AE81268C91E90053945C /* LaunchScreen.storyboard */; };
/* End PBXBuildFile section */

/* Begin PBXFileReference section */
		35572193B83FC2CEE15D3254 /* Pods_dolphin.framework */ = {isa = PBXFileReference; explicitFileType = wrapper.framework; includeInIndex = 0; path = Pods_dolphin.framework; sourceTree = BUILT_PRODUCTS_DIR; };
		9FD86E67C89F209BE0C92D2E /* Pods-dolphin.release.xcconfig */ = {isa = PBXFileReference; includeInIndex = 1; lastKnownFileType = text.xcconfig; name = "Pods-dolphin.release.xcconfig"; path = "Target Support Files/Pods-dolphin/Pods-dolphin.release.xcconfig"; sourceTree = "<group>"; };
		DB86A841DFBF10F1A52BF4C6 /* Pods-dolphin.debug.xcconfig */ = {isa = PBXFileReference; includeInIndex = 1; lastKnownFileType = text.xcconfig; name = "Pods-dolphin.debug.xcconfig"; path = "Target Support Files/Pods-dolphin/Pods-dolphin.debug.xcconfig"; sourceTree = "<group>"; };
		E3194162268DEEDF00C039BC /* DPlayerSizeService.swift */ = {isa = PBXFileReference; lastKnownFileType = sourcecode.swift; name = DPlayerSizeService.swift; path = dolphin/DPlayerSizeService.swift; sourceTree = "<group>"; };
		E3194164268DF79800C039BC /* DTrack.swift */ = {isa = PBXFileReference; lastKnownFileType = sourcecode.swift; name = DTrack.swift; path = dolphin/DTrack.swift; sourceTree = "<group>"; };
		E3194166268E054F00C039BC /* DTimeSplitterService.swift */ = {isa = PBXFileReference; lastKnownFileType = sourcecode.swift; name = DTimeSplitterService.swift; path = dolphin/DTimeSplitterService.swift; sourceTree = "<group>"; };
		E3194168268E11DC00C039BC /* DPlayListCell.swift */ = {isa = PBXFileReference; lastKnownFileType = sourcecode.swift; name = DPlayListCell.swift; path = dolphin/DPlayListCell.swift; sourceTree = "<group>"; };
		E319416A268E156900C039BC /* DPlayList.swift */ = {isa = PBXFileReference; lastKnownFileType = sourcecode.swift; name = DPlayList.swift; path = dolphin/DPlayList.swift; sourceTree = "<group>"; };
		E319416C268E1A5900C039BC /* DPlayListService.swift */ = {isa = PBXFileReference; lastKnownFileType = sourcecode.swift; name = DPlayListService.swift; path = dolphin/DPlayListService.swift; sourceTree = "<group>"; };
		E39CEA7C2693126E009F53DF /* DPlayListTrack.swift */ = {isa = PBXFileReference; lastKnownFileType = sourcecode.swift; name = DPlayListTrack.swift; path = dolphin/DPlayListTrack.swift; sourceTree = "<group>"; };
		E3A24A69268C8F4C00839C49 /* dolphin.app */ = {isa = PBXFileReference; explicitFileType = wrapper.application; includeInIndex = 0; path = dolphin.app; sourceTree = BUILT_PRODUCTS_DIR; };
		E3C4FB1A268F0B6B00ED88FE /* DFilesBrowserVC.swift */ = {isa = PBXFileReference; lastKnownFileType = sourcecode.swift; name = DFilesBrowserVC.swift; path = DerivedData/DFilesBrowserVC.swift; sourceTree = "<group>"; };
		E3C4FB1F268F0DD400ED88FE /* DFilesService.swift */ = {isa = PBXFileReference; lastKnownFileType = sourcecode.swift; name = DFilesService.swift; path = dolphin/DFilesService.swift; sourceTree = "<group>"; };
		E3C4FB23268F0E6700ED88FE /* DFilesBrowserAssembly.swift */ = {isa = PBXFileReference; fileEncoding = 4; lastKnownFileType = sourcecode.swift; name = DFilesBrowserAssembly.swift; path = dolphin/DFilesBrowserAssembly.swift; sourceTree = "<group>"; };
		E3C4FB25268F1AEF00ED88FE /* DPlayListRouter.swift */ = {isa = PBXFileReference; lastKnownFileType = sourcecode.swift; name = DPlayListRouter.swift; path = dolphin/DPlayListRouter.swift; sourceTree = "<group>"; };
		E3CFC40E268C933600748739 /* DPlayerAssembly.swift */ = {isa = PBXFileReference; lastKnownFileType = sourcecode.swift; name = DPlayerAssembly.swift; path = dolphin/DPlayerAssembly.swift; sourceTree = "<group>"; };
		E3CFC410268C93AE00748739 /* DRootVC.swift */ = {isa = PBXFileReference; lastKnownFileType = sourcecode.swift; name = DRootVC.swift; path = dolphin/DRootVC.swift; sourceTree = "<group>"; };
		E3CFC412268C93BC00748739 /* DRootAssembly.swift */ = {isa = PBXFileReference; lastKnownFileType = sourcecode.swift; name = DRootAssembly.swift; path = dolphin/DRootAssembly.swift; sourceTree = "<group>"; };
		E3CFC416268C949300748739 /* DPlayListVC.swift */ = {isa = PBXFileReference; lastKnownFileType = sourcecode.swift; name = DPlayListVC.swift; path = dolphin/DPlayListVC.swift; sourceTree = "<group>"; };
		E3CFC418268C94AA00748739 /* DPlayListAssembly.swift */ = {isa = PBXFileReference; lastKnownFileType = sourcecode.swift; name = DPlayListAssembly.swift; path = dolphin/DPlayListAssembly.swift; sourceTree = "<group>"; };
		E3F2AE73268C91BF0053945C /* SceneDelegate.swift */ = {isa = PBXFileReference; fileEncoding = 4; lastKnownFileType = sourcecode.swift; name = SceneDelegate.swift; path = dolphin/SceneDelegate.swift; sourceTree = "<group>"; };
		E3F2AE74268C91BF0053945C /* DPlayerVC.swift */ = {isa = PBXFileReference; fileEncoding = 4; lastKnownFileType = sourcecode.swift; name = DPlayerVC.swift; path = dolphin/DPlayerVC.swift; sourceTree = "<group>"; };
		E3F2AE75268C91BF0053945C /* Assets.xcassets */ = {isa = PBXFileReference; lastKnownFileType = folder.assetcatalog; name = Assets.xcassets; path = dolphin/Assets.xcassets; sourceTree = "<group>"; };
		E3F2AE76268C91BF0053945C /* AppDelegate.swift */ = {isa = PBXFileReference; fileEncoding = 4; lastKnownFileType = sourcecode.swift; name = AppDelegate.swift; path = dolphin/AppDelegate.swift; sourceTree = "<group>"; };
		E3F2AE7A268C91BF0053945C /* Info.plist */ = {isa = PBXFileReference; fileEncoding = 4; lastKnownFileType = text.plist.xml; name = Info.plist; path = dolphin/Info.plist; sourceTree = "<group>"; };
		E3F2AE82268C91E90053945C /* Base */ = {isa = PBXFileReference; lastKnownFileType = file.storyboard; name = Base; path = dolphin/Base.lproj/LaunchScreen.storyboard; sourceTree = "<group>"; };
/* End PBXFileReference section */

/* Begin PBXFrameworksBuildPhase section */
		E3A24A66268C8F4C00839C49 /* Frameworks */ = {
			isa = PBXFrameworksBuildPhase;
			buildActionMask = 2147483647;
			files = (
				41AF16622E17AADCA3E021DA /* Pods_dolphin.framework in Frameworks */,
			);
			runOnlyForDeploymentPostprocessing = 0;
		};
/* End PBXFrameworksBuildPhase section */

/* Begin PBXGroup section */
		903ADD5935FE7F15B459C074 /* Pods */ = {
			isa = PBXGroup;
			children = (
				DB86A841DFBF10F1A52BF4C6 /* Pods-dolphin.debug.xcconfig */,
				9FD86E67C89F209BE0C92D2E /* Pods-dolphin.release.xcconfig */,
			);
			path = Pods;
			sourceTree = "<group>";
		};
		DBBA14E2B7AC205DB8FDC7A6 /* Frameworks */ = {
			isa = PBXGroup;
			children = (
				35572193B83FC2CEE15D3254 /* Pods_dolphin.framework */,
			);
			name = Frameworks;
			sourceTree = "<group>";
		};
		E3A24A60268C8F4C00839C49 = {
			isa = PBXGroup;
			children = (
				E3A24A6B268C8F4C00839C49 /* dolphin */,
				E3A24A6A268C8F4C00839C49 /* Products */,
				903ADD5935FE7F15B459C074 /* Pods */,
				DBBA14E2B7AC205DB8FDC7A6 /* Frameworks */,
			);
			sourceTree = "<group>";
		};
		E3A24A6A268C8F4C00839C49 /* Products */ = {
			isa = PBXGroup;
			children = (
				E3A24A69268C8F4C00839C49 /* dolphin.app */,
			);
			name = Products;
			sourceTree = "<group>";
		};
		E3A24A6B268C8F4C00839C49 /* dolphin */ = {
			isa = PBXGroup;
			children = (
				E3C4FB22268F0E4200ED88FE /* Services */,
				E3C4FB21268F0E3D00ED88FE /* Models */,
				E3C4FB1E268F0B7A00ED88FE /* FilesBrowserModule */,
				E3CFC414268C93D800748739 /* RootModule */,
				E3CFC415268C947D00748739 /* PlayListModule */,
				E3CFC40D268C930200748739 /* PlayerModule */,
				E3F2AE84268C91ED0053945C /* Resources */,
				E3F2AE76268C91BF0053945C /* AppDelegate.swift */,
				E3F2AE73268C91BF0053945C /* SceneDelegate.swift */,
			);
			name = dolphin;
			sourceTree = "<group>";
		};
		E3C4FB1E268F0B7A00ED88FE /* FilesBrowserModule */ = {
			isa = PBXGroup;
			children = (
				E3C4FB23268F0E6700ED88FE /* DFilesBrowserAssembly.swift */,
				E3C4FB1A268F0B6B00ED88FE /* DFilesBrowserVC.swift */,
			);
			name = FilesBrowserModule;
			sourceTree = "<group>";
		};
		E3C4FB21268F0E3D00ED88FE /* Models */ = {
			isa = PBXGroup;
			children = (
				E3194164268DF79800C039BC /* DTrack.swift */,
				E319416A268E156900C039BC /* DPlayList.swift */,
				E39CEA7C2693126E009F53DF /* DPlayListTrack.swift */,
			);
			name = Models;
			sourceTree = "<group>";
		};
		E3C4FB22268F0E4200ED88FE /* Services */ = {
			isa = PBXGroup;
			children = (
				E3C4FB1F268F0DD400ED88FE /* DFilesService.swift */,
				E319416C268E1A5900C039BC /* DPlayListService.swift */,
				E3194162268DEEDF00C039BC /* DPlayerSizeService.swift */,
				E3194166268E054F00C039BC /* DTimeSplitterService.swift */,
			);
			name = Services;
			sourceTree = "<group>";
		};
		E3CFC40D268C930200748739 /* PlayerModule */ = {
			isa = PBXGroup;
			children = (
				E3CFC40E268C933600748739 /* DPlayerAssembly.swift */,
				E3F2AE74268C91BF0053945C /* DPlayerVC.swift */,
			);
			name = PlayerModule;
			sourceTree = "<group>";
		};
		E3CFC414268C93D800748739 /* RootModule */ = {
			isa = PBXGroup;
			children = (
				E3CFC412268C93BC00748739 /* DRootAssembly.swift */,
				E3CFC410268C93AE00748739 /* DRootVC.swift */,
			);
			name = RootModule;
			sourceTree = "<group>";
		};
		E3CFC415268C947D00748739 /* PlayListModule */ = {
			isa = PBXGroup;
			children = (
				E3CFC418268C94AA00748739 /* DPlayListAssembly.swift */,
				E3CFC416268C949300748739 /* DPlayListVC.swift */,
				E3194168268E11DC00C039BC /* DPlayListCell.swift */,
				E3C4FB25268F1AEF00ED88FE /* DPlayListRouter.swift */,
			);
			name = PlayListModule;
			sourceTree = "<group>";
		};
		E3F2AE84268C91ED0053945C /* Resources */ = {
			isa = PBXGroup;
			children = (
				E3F2AE75268C91BF0053945C /* Assets.xcassets */,
				E3F2AE7A268C91BF0053945C /* Info.plist */,
				E3F2AE81268C91E90053945C /* LaunchScreen.storyboard */,
			);
			name = Resources;
			sourceTree = "<group>";
		};
/* End PBXGroup section */

/* Begin PBXNativeTarget section */
		E3A24A68268C8F4C00839C49 /* dolphin */ = {
			isa = PBXNativeTarget;
			buildConfigurationList = E3A24A7D268C8F4E00839C49 /* Build configuration list for PBXNativeTarget "dolphin" */;
			buildPhases = (
				5473B1DB2C58D83BC629B064 /* [CP] Check Pods Manifest.lock */,
				E3A24A65268C8F4C00839C49 /* Sources */,
				E3A24A66268C8F4C00839C49 /* Frameworks */,
				E3A24A67268C8F4C00839C49 /* Resources */,
				9E78E998E1408110419B1A2E /* [CP] Embed Pods Frameworks */,
			);
			buildRules = (
			);
			dependencies = (
			);
			name = dolphin;
			productName = dolphin;
			productReference = E3A24A69268C8F4C00839C49 /* dolphin.app */;
			productType = "com.apple.product-type.application";
		};
/* End PBXNativeTarget section */

/* Begin PBXProject section */
		E3A24A61268C8F4C00839C49 /* Project object */ = {
			isa = PBXProject;
			attributes = {
				LastSwiftUpdateCheck = 1250;
				LastUpgradeCheck = 1250;
				TargetAttributes = {
					E3A24A68268C8F4C00839C49 = {
						CreatedOnToolsVersion = 12.5.1;
						LastSwiftMigration = 1250;
					};
				};
			};
			buildConfigurationList = E3A24A64268C8F4C00839C49 /* Build configuration list for PBXProject "dolphin" */;
			compatibilityVersion = "Xcode 9.3";
			developmentRegion = en;
			hasScannedForEncodings = 0;
			knownRegions = (
				en,
				Base,
			);
			mainGroup = E3A24A60268C8F4C00839C49;
			productRefGroup = E3A24A6A268C8F4C00839C49 /* Products */;
			projectDirPath = "";
			projectRoot = "";
			targets = (
				E3A24A68268C8F4C00839C49 /* dolphin */,
			);
		};
/* End PBXProject section */

/* Begin PBXResourcesBuildPhase section */
		E3A24A67268C8F4C00839C49 /* Resources */ = {
			isa = PBXResourcesBuildPhase;
			buildActionMask = 2147483647;
			files = (
				E3F2AE83268C91E90053945C /* LaunchScreen.storyboard in Resources */,
				E3F2AE7D268C91BF0053945C /* Assets.xcassets in Resources */,
			);
			runOnlyForDeploymentPostprocessing = 0;
		};
/* End PBXResourcesBuildPhase section */

/* Begin PBXShellScriptBuildPhase section */
		5473B1DB2C58D83BC629B064 /* [CP] Check Pods Manifest.lock */ = {
			isa = PBXShellScriptBuildPhase;
			buildActionMask = 2147483647;
			files = (
			);
			inputFileListPaths = (
			);
			inputPaths = (
				"${PODS_PODFILE_DIR_PATH}/Podfile.lock",
				"${PODS_ROOT}/Manifest.lock",
			);
			name = "[CP] Check Pods Manifest.lock";
			outputFileListPaths = (
			);
			outputPaths = (
				"$(DERIVED_FILE_DIR)/Pods-dolphin-checkManifestLockResult.txt",
			);
			runOnlyForDeploymentPostprocessing = 0;
			shellPath = /bin/sh;
			shellScript = "diff \"${PODS_PODFILE_DIR_PATH}/Podfile.lock\" \"${PODS_ROOT}/Manifest.lock\" > /dev/null\nif [ $? != 0 ] ; then\n    # print error to STDERR\n    echo \"error: The sandbox is not in sync with the Podfile.lock. Run 'pod install' or update your CocoaPods installation.\" >&2\n    exit 1\nfi\n# This output is used by Xcode 'outputs' to avoid re-running this script phase.\necho \"SUCCESS\" > \"${SCRIPT_OUTPUT_FILE_0}\"\n";
			showEnvVarsInLog = 0;
		};
		9E78E998E1408110419B1A2E /* [CP] Embed Pods Frameworks */ = {
			isa = PBXShellScriptBuildPhase;
			buildActionMask = 2147483647;
			files = (
			);
			inputFileListPaths = (
				"${PODS_ROOT}/Target Support Files/Pods-dolphin/Pods-dolphin-frameworks-${CONFIGURATION}-input-files.xcfilelist",
			);
			name = "[CP] Embed Pods Frameworks";
			outputFileListPaths = (
				"${PODS_ROOT}/Target Support Files/Pods-dolphin/Pods-dolphin-frameworks-${CONFIGURATION}-output-files.xcfilelist",
			);
			runOnlyForDeploymentPostprocessing = 0;
			shellPath = /bin/sh;
			shellScript = "\"${PODS_ROOT}/Target Support Files/Pods-dolphin/Pods-dolphin-frameworks.sh\"\n";
			showEnvVarsInLog = 0;
		};
/* End PBXShellScriptBuildPhase section */

/* Begin PBXSourcesBuildPhase section */
		E3A24A65268C8F4C00839C49 /* Sources */ = {
			isa = PBXSourcesBuildPhase;
			buildActionMask = 2147483647;
			files = (
				E3C4FB20268F0DD400ED88FE /* DFilesService.swift in Sources */,
				E3194165268DF79800C039BC /* DTrack.swift in Sources */,
				E3CFC419268C94AA00748739 /* DPlayListAssembly.swift in Sources */,
				E3CFC413268C93BC00748739 /* DRootAssembly.swift in Sources */,
				E39CEA7D2693126E009F53DF /* DPlayListTrack.swift in Sources */,
				E3F2AE7E268C91BF0053945C /* AppDelegate.swift in Sources */,
				E3194169268E11DC00C039BC /* DPlayListCell.swift in Sources */,
				E3C4FB24268F0E6700ED88FE /* DFilesBrowserAssembly.swift in Sources */,
				E3CFC417268C949300748739 /* DPlayListVC.swift in Sources */,
				E3CFC40F268C933600748739 /* DPlayerAssembly.swift in Sources */,
				E3CFC411268C93AE00748739 /* DRootVC.swift in Sources */,
				E3194163268DEEDF00C039BC /* DPlayerSizeService.swift in Sources */,
				E3F2AE7C268C91BF0053945C /* DPlayerVC.swift in Sources */,
				E319416D268E1A5900C039BC /* DPlayListService.swift in Sources */,
				E3C4FB26268F1AEF00ED88FE /* DPlayListRouter.swift in Sources */,
				E3F2AE7B268C91BF0053945C /* SceneDelegate.swift in Sources */,
				E319416B268E156900C039BC /* DPlayList.swift in Sources */,
				E3C4FB1B268F0B6B00ED88FE /* DFilesBrowserVC.swift in Sources */,
				E3194167268E054F00C039BC /* DTimeSplitterService.swift in Sources */,
			);
			runOnlyForDeploymentPostprocessing = 0;
		};
/* End PBXSourcesBuildPhase section */

/* Begin PBXVariantGroup section */
		E3F2AE81268C91E90053945C /* LaunchScreen.storyboard */ = {
			isa = PBXVariantGroup;
			children = (
				E3F2AE82268C91E90053945C /* Base */,
			);
			name = LaunchScreen.storyboard;
			sourceTree = "<group>";
		};
/* End PBXVariantGroup section */

/* Begin XCBuildConfiguration section */
		E3A24A7B268C8F4E00839C49 /* Debug */ = {
			isa = XCBuildConfiguration;
			buildSettings = {
				ALWAYS_SEARCH_USER_PATHS = NO;
				CLANG_ANALYZER_NONNULL = YES;
				CLANG_ANALYZER_NUMBER_OBJECT_CONVERSION = YES_AGGRESSIVE;
				CLANG_CXX_LANGUAGE_STANDARD = "gnu++14";
				CLANG_CXX_LIBRARY = "libc++";
				CLANG_ENABLE_MODULES = YES;
				CLANG_ENABLE_OBJC_ARC = YES;
				CLANG_ENABLE_OBJC_WEAK = YES;
				CLANG_WARN_BLOCK_CAPTURE_AUTORELEASING = YES;
				CLANG_WARN_BOOL_CONVERSION = YES;
				CLANG_WARN_COMMA = YES;
				CLANG_WARN_CONSTANT_CONVERSION = YES;
				CLANG_WARN_DEPRECATED_OBJC_IMPLEMENTATIONS = YES;
				CLANG_WARN_DIRECT_OBJC_ISA_USAGE = YES_ERROR;
				CLANG_WARN_DOCUMENTATION_COMMENTS = YES;
				CLANG_WARN_EMPTY_BODY = YES;
				CLANG_WARN_ENUM_CONVERSION = YES;
				CLANG_WARN_INFINITE_RECURSION = YES;
				CLANG_WARN_INT_CONVERSION = YES;
				CLANG_WARN_NON_LITERAL_NULL_CONVERSION = YES;
				CLANG_WARN_OBJC_IMPLICIT_RETAIN_SELF = YES;
				CLANG_WARN_OBJC_LITERAL_CONVERSION = YES;
				CLANG_WARN_OBJC_ROOT_CLASS = YES_ERROR;
				CLANG_WARN_QUOTED_INCLUDE_IN_FRAMEWORK_HEADER = YES;
				CLANG_WARN_RANGE_LOOP_ANALYSIS = YES;
				CLANG_WARN_STRICT_PROTOTYPES = YES;
				CLANG_WARN_SUSPICIOUS_MOVE = YES;
				CLANG_WARN_UNGUARDED_AVAILABILITY = YES_AGGRESSIVE;
				CLANG_WARN_UNREACHABLE_CODE = YES;
				CLANG_WARN__DUPLICATE_METHOD_MATCH = YES;
				COPY_PHASE_STRIP = NO;
				DEBUG_INFORMATION_FORMAT = dwarf;
				ENABLE_STRICT_OBJC_MSGSEND = YES;
				ENABLE_TESTABILITY = YES;
				GCC_C_LANGUAGE_STANDARD = gnu11;
				GCC_DYNAMIC_NO_PIC = NO;
				GCC_NO_COMMON_BLOCKS = YES;
				GCC_OPTIMIZATION_LEVEL = 0;
				GCC_PREPROCESSOR_DEFINITIONS = (
					"DEBUG=1",
					"$(inherited)",
				);
				GCC_WARN_64_TO_32_BIT_CONVERSION = YES;
				GCC_WARN_ABOUT_RETURN_TYPE = YES_ERROR;
				GCC_WARN_UNDECLARED_SELECTOR = YES;
				GCC_WARN_UNINITIALIZED_AUTOS = YES_AGGRESSIVE;
				GCC_WARN_UNUSED_FUNCTION = YES;
				GCC_WARN_UNUSED_VARIABLE = YES;
				IPHONEOS_DEPLOYMENT_TARGET = 14.5;
				MTL_ENABLE_DEBUG_INFO = INCLUDE_SOURCE;
				MTL_FAST_MATH = YES;
				ONLY_ACTIVE_ARCH = YES;
				SDKROOT = iphoneos;
				SWIFT_ACTIVE_COMPILATION_CONDITIONS = DEBUG;
				SWIFT_OPTIMIZATION_LEVEL = "-Onone";
			};
			name = Debug;
		};
		E3A24A7C268C8F4E00839C49 /* Release */ = {
			isa = XCBuildConfiguration;
			buildSettings = {
				ALWAYS_SEARCH_USER_PATHS = NO;
				CLANG_ANALYZER_NONNULL = YES;
				CLANG_ANALYZER_NUMBER_OBJECT_CONVERSION = YES_AGGRESSIVE;
				CLANG_CXX_LANGUAGE_STANDARD = "gnu++14";
				CLANG_CXX_LIBRARY = "libc++";
				CLANG_ENABLE_MODULES = YES;
				CLANG_ENABLE_OBJC_ARC = YES;
				CLANG_ENABLE_OBJC_WEAK = YES;
				CLANG_WARN_BLOCK_CAPTURE_AUTORELEASING = YES;
				CLANG_WARN_BOOL_CONVERSION = YES;
				CLANG_WARN_COMMA = YES;
				CLANG_WARN_CONSTANT_CONVERSION = YES;
				CLANG_WARN_DEPRECATED_OBJC_IMPLEMENTATIONS = YES;
				CLANG_WARN_DIRECT_OBJC_ISA_USAGE = YES_ERROR;
				CLANG_WARN_DOCUMENTATION_COMMENTS = YES;
				CLANG_WARN_EMPTY_BODY = YES;
				CLANG_WARN_ENUM_CONVERSION = YES;
				CLANG_WARN_INFINITE_RECURSION = YES;
				CLANG_WARN_INT_CONVERSION = YES;
				CLANG_WARN_NON_LITERAL_NULL_CONVERSION = YES;
				CLANG_WARN_OBJC_IMPLICIT_RETAIN_SELF = YES;
				CLANG_WARN_OBJC_LITERAL_CONVERSION = YES;
				CLANG_WARN_OBJC_ROOT_CLASS = YES_ERROR;
				CLANG_WARN_QUOTED_INCLUDE_IN_FRAMEWORK_HEADER = YES;
				CLANG_WARN_RANGE_LOOP_ANALYSIS = YES;
				CLANG_WARN_STRICT_PROTOTYPES = YES;
				CLANG_WARN_SUSPICIOUS_MOVE = YES;
				CLANG_WARN_UNGUARDED_AVAILABILITY = YES_AGGRESSIVE;
				CLANG_WARN_UNREACHABLE_CODE = YES;
				CLANG_WARN__DUPLICATE_METHOD_MATCH = YES;
				COPY_PHASE_STRIP = NO;
				DEBUG_INFORMATION_FORMAT = "dwarf-with-dsym";
				ENABLE_NS_ASSERTIONS = NO;
				ENABLE_STRICT_OBJC_MSGSEND = YES;
				GCC_C_LANGUAGE_STANDARD = gnu11;
				GCC_NO_COMMON_BLOCKS = YES;
				GCC_WARN_64_TO_32_BIT_CONVERSION = YES;
				GCC_WARN_ABOUT_RETURN_TYPE = YES_ERROR;
				GCC_WARN_UNDECLARED_SELECTOR = YES;
				GCC_WARN_UNINITIALIZED_AUTOS = YES_AGGRESSIVE;
				GCC_WARN_UNUSED_FUNCTION = YES;
				GCC_WARN_UNUSED_VARIABLE = YES;
				IPHONEOS_DEPLOYMENT_TARGET = 14.5;
				MTL_ENABLE_DEBUG_INFO = NO;
				MTL_FAST_MATH = YES;
				SDKROOT = iphoneos;
				SWIFT_COMPILATION_MODE = wholemodule;
				SWIFT_OPTIMIZATION_LEVEL = "-O";
				VALIDATE_PRODUCT = YES;
			};
			name = Release;
		};
		E3A24A7E268C8F4E00839C49 /* Debug */ = {
			isa = XCBuildConfiguration;
			baseConfigurationReference = DB86A841DFBF10F1A52BF4C6 /* Pods-dolphin.debug.xcconfig */;
			buildSettings = {
				ASSETCATALOG_COMPILER_APPICON_NAME = AppIcon;
				ASSETCATALOG_COMPILER_GLOBAL_ACCENT_COLOR_NAME = AccentColor;
				CLANG_ENABLE_MODULES = YES;
				CODE_SIGN_STYLE = Automatic;
				DEVELOPMENT_TEAM = UAVM255T7W;
				INFOPLIST_FILE = dolphin/Info.plist;
				LD_RUNPATH_SEARCH_PATHS = (
					"$(inherited)",
					"@executable_path/Frameworks",
				);
				PRODUCT_BUNDLE_IDENTIFIER = com.icgsmartcosmetics.dolphin;
				PRODUCT_NAME = "$(TARGET_NAME)";
				SWIFT_OPTIMIZATION_LEVEL = "-Onone";
				SWIFT_VERSION = 5.0;
				TARGETED_DEVICE_FAMILY = 1;
			};
			name = Debug;
		};
		E3A24A7F268C8F4E00839C49 /* Release */ = {
			isa = XCBuildConfiguration;
			baseConfigurationReference = 9FD86E67C89F209BE0C92D2E /* Pods-dolphin.release.xcconfig */;
			buildSettings = {
				ASSETCATALOG_COMPILER_APPICON_NAME = AppIcon;
				ASSETCATALOG_COMPILER_GLOBAL_ACCENT_COLOR_NAME = AccentColor;
				CLANG_ENABLE_MODULES = YES;
				CODE_SIGN_STYLE = Automatic;
				DEVELOPMENT_TEAM = UAVM255T7W;
				INFOPLIST_FILE = dolphin/Info.plist;
				LD_RUNPATH_SEARCH_PATHS = (
					"$(inherited)",
					"@executable_path/Frameworks",
				);
				PRODUCT_BUNDLE_IDENTIFIER = com.icgsmartcosmetics.dolphin;
				PRODUCT_NAME = "$(TARGET_NAME)";
				SWIFT_VERSION = 5.0;
				TARGETED_DEVICE_FAMILY = 1;
			};
			name = Release;
		};
/* End XCBuildConfiguration section */

/* Begin XCConfigurationList section */
		E3A24A64268C8F4C00839C49 /* Build configuration list for PBXProject "dolphin" */ = {
			isa = XCConfigurationList;
			buildConfigurations = (
				E3A24A7B268C8F4E00839C49 /* Debug */,
				E3A24A7C268C8F4E00839C49 /* Release */,
			);
			defaultConfigurationIsVisible = 0;
			defaultConfigurationName = Release;
		};
		E3A24A7D268C8F4E00839C49 /* Build configuration list for PBXNativeTarget "dolphin" */ = {
			isa = XCConfigurationList;
			buildConfigurations = (
				E3A24A7E268C8F4E00839C49 /* Debug */,
				E3A24A7F268C8F4E00839C49 /* Release */,
			);
			defaultConfigurationIsVisible = 0;
			defaultConfigurationName = Release;
		};
/* End XCConfigurationList section */
	};
	rootObject = E3A24A61268C8F4C00839C49 /* Project object */;
}
